
Microsoft Visual Studio Solution File, Format Version 12.00
# Visual Studio Version 17
VisualStudioVersion = 17.11.35327.3
MinimumVisualStudioVersion = 10.0.40219.1
Project("{FAE04EC0-301F-11D3-BF4B-00C04F79EFBC}") = "WpfApp1", "WpfApp1\WpfApp1.csproj", "{56454D78-730A-4B7C-AE5E-E62DFE8F2CEE}"
EndProject
Global
	GlobalSection(SolutionConfigurationPlatforms) = preSolution
		Debug|Any CPU = Debug|Any CPU
		Release|Any CPU = Release|Any CPU
	EndGlobalSection
	GlobalSection(ProjectConfigurationPlatforms) = postSolution
		{56454D78-730A-4B7C-AE5E-E62DFE8F2CEE}.Debug|Any CPU.ActiveCfg = Debug|Any CPU
		{56454D78-730A-4B7C-AE5E-E62DFE8F2CEE}.Debug|Any CPU.Build.0 = Debug|Any CPU
		{56454D78-730A-4B7C-AE5E-E62DFE8F2CEE}.Release|Any CPU.ActiveCfg = Release|Any CPU
		{56454D78-730A-4B7C-AE5E-E62DFE8F2CEE}.Release|Any CPU.Build.0 = Release|Any CPU
	EndGlobalSection
	GlobalSection(SolutionProperties) = preSolution
		HideSolutionNode = FALSE
	EndGlobalSection
	GlobalSection(ExtensibilityGlobals) = postSolution
		SolutionGuid = {40A0D7E6-A83E-44D3-96E8-EA4ED16DF6D5}
	EndGlobalSection
EndGlobal
